// !$*UTF8*$!
{
	archiveVersion = 1;
	classes = {
	};
	objectVersion = 50;
	objects = {

/* Begin PBXBuildFile section */
		41E5877A21CFBD5000178DFC /* AppDelegate.swift in Sources */ = {isa = PBXBuildFile; fileRef = 41E5877921CFBD5000178DFC /* AppDelegate.swift */; };
		41E5877C21CFBD5000178DFC /* ViewController.swift in Sources */ = {isa = PBXBuildFile; fileRef = 41E5877B21CFBD5000178DFC /* ViewController.swift */; };
		41E5877F21CFBD5000178DFC /* Main.storyboard in Resources */ = {isa = PBXBuildFile; fileRef = 41E5877D21CFBD5000178DFC /* Main.storyboard */; };
		41E5878221CFBD5000178DFC /* MarvelHeros.xcdatamodeld in Sources */ = {isa = PBXBuildFile; fileRef = 41E5878021CFBD5000178DFC /* MarvelHeros.xcdatamodeld */; };
		41E5878421CFBD5200178DFC /* Assets.xcassets in Resources */ = {isa = PBXBuildFile; fileRef = 41E5878321CFBD5200178DFC /* Assets.xcassets */; };
		41E5878721CFBD5200178DFC /* LaunchScreen.storyboard in Resources */ = {isa = PBXBuildFile; fileRef = 41E5878521CFBD5200178DFC /* LaunchScreen.storyboard */; };
/* End PBXBuildFile section */

/* Begin PBXFileReference section */
		41E5877621CFBD5000178DFC /* MarvelHeros.app */ = {isa = PBXFileReference; explicitFileType = wrapper.application; includeInIndex = 0; path = MarvelHeros.app; sourceTree = BUILT_PRODUCTS_DIR; };
		41E5877921CFBD5000178DFC /* AppDelegate.swift */ = {isa = PBXFileReference; lastKnownFileType = sourcecode.swift; path = AppDelegate.swift; sourceTree = "<group>"; };
		41E5877B21CFBD5000178DFC /* ViewController.swift */ = {isa = PBXFileReference; lastKnownFileType = sourcecode.swift; path = ViewController.swift; sourceTree = "<group>"; };
		41E5877E21CFBD5000178DFC /* Base */ = {isa = PBXFileReference; lastKnownFileType = file.storyboard; name = Base; path = Base.lproj/Main.storyboard; sourceTree = "<group>"; };
		41E5878121CFBD5000178DFC /* MarvelHeros.xcdatamodel */ = {isa = PBXFileReference; lastKnownFileType = wrapper.xcdatamodel; path = MarvelHeros.xcdatamodel; sourceTree = "<group>"; };
		41E5878321CFBD5200178DFC /* Assets.xcassets */ = {isa = PBXFileReference; lastKnownFileType = folder.assetcatalog; path = Assets.xcassets; sourceTree = "<group>"; };
		41E5878621CFBD5200178DFC /* Base */ = {isa = PBXFileReference; lastKnownFileType = file.storyboard; name = Base; path = Base.lproj/LaunchScreen.storyboard; sourceTree = "<group>"; };
		41E5878821CFBD5200178DFC /* Info.plist */ = {isa = PBXFileReference; lastKnownFileType = text.plist.xml; path = Info.plist; sourceTree = "<group>"; };
/* End PBXFileReference section */

/* Begin PBXFrameworksBuildPhase section */
		41E5877321CFBD5000178DFC /* Frameworks */ = {
			isa = PBXFrameworksBuildPhase;
			buildActionMask = 2147483647;
			files = (
			);
			runOnlyForDeploymentPostprocessing = 0;
		};
/* End PBXFrameworksBuildPhase section */

/* Begin PBXGroup section */
		41E5876D21CFBD5000178DFC = {
			isa = PBXGroup;
			children = (
				41E5877821CFBD5000178DFC /* MarvelHeros */,
				41E5877721CFBD5000178DFC /* Products */,
			);
			sourceTree = "<group>";
		};
		41E5877721CFBD5000178DFC /* Products */ = {
			isa = PBXGroup;
			children = (
				41E5877621CFBD5000178DFC /* MarvelHeros.app */,
			);
			name = Products;
			sourceTree = "<group>";
		};
		41E5877821CFBD5000178DFC /* MarvelHeros */ = {
			isa = PBXGroup;
			children = (
				41E5878E21CFBD8800178DFC /* Model */,
				41E5878F21CFBD9A00178DFC /* ViewModel */,
				41E5879021CFBDA400178DFC /* View */,
				41E5879321CFBEE400178DFC /* Resources */,
				41E5877921CFBD5000178DFC /* AppDelegate.swift */,
				41E5878321CFBD5200178DFC /* Assets.xcassets */,
			);
			path = MarvelHeros;
			sourceTree = "<group>";
		};
		41E5878E21CFBD8800178DFC /* Model */ = {
			isa = PBXGroup;
			children = (
				41E5879221CFBEBB00178DFC /* Entity */,
				41E5879121CFBEB300178DFC /* Source */,
			);
			path = Model;
			sourceTree = "<group>";
		};
		41E5878F21CFBD9A00178DFC /* ViewModel */ = {
			isa = PBXGroup;
			children = (
			);
			path = ViewModel;
			sourceTree = "<group>";
		};
		41E5879021CFBDA400178DFC /* View */ = {
			isa = PBXGroup;
			children = (
				41E5879421CFBF2700178DFC /* Controller */,
				41E5879521CFBF3800178DFC /* Cell */,
				41E5877D21CFBD5000178DFC /* Main.storyboard */,
				41E5878521CFBD5200178DFC /* LaunchScreen.storyboard */,
			);
			path = View;
			sourceTree = "<group>";
		};
		41E5879121CFBEB300178DFC /* Source */ = {
			isa = PBXGroup;
			children = (
			);
			path = Source;
			sourceTree = "<group>";
		};
		41E5879221CFBEBB00178DFC /* Entity */ = {
			isa = PBXGroup;
			children = (
			);
			path = Entity;
			sourceTree = "<group>";
		};
		41E5879321CFBEE400178DFC /* Resources */ = {
			isa = PBXGroup;
			children = (
				41E5878821CFBD5200178DFC /* Info.plist */,
				41E5878021CFBD5000178DFC /* MarvelHeros.xcdatamodeld */,
			);
			path = Resources;
			sourceTree = "<group>";
		};
		41E5879421CFBF2700178DFC /* Controller */ = {
			isa = PBXGroup;
			children = (
				41E5877B21CFBD5000178DFC /* ViewController.swift */,
			);
			path = Controller;
			sourceTree = "<group>";
		};
		41E5879521CFBF3800178DFC /* Cell */ = {
			isa = PBXGroup;
			children = (
			);
			path = Cell;
			sourceTree = "<group>";
		};
/* End PBXGroup section */

/* Begin PBXNativeTarget section */
		41E5877521CFBD5000178DFC /* MarvelHeros */ = {
			isa = PBXNativeTarget;
			buildConfigurationList = 41E5878B21CFBD5200178DFC /* Build configuration list for PBXNativeTarget "MarvelHeros" */;
			buildPhases = (
				41E5877221CFBD5000178DFC /* Sources */,
				41E5877321CFBD5000178DFC /* Frameworks */,
				41E5877421CFBD5000178DFC /* Resources */,
			);
			buildRules = (
			);
			dependencies = (
			);
			name = MarvelHeros;
			productName = MarvelHeros;
			productReference = 41E5877621CFBD5000178DFC /* MarvelHeros.app */;
			productType = "com.apple.product-type.application";
		};
/* End PBXNativeTarget section */

/* Begin PBXProject section */
		41E5876E21CFBD5000178DFC /* Project object */ = {
			isa = PBXProject;
			attributes = {
				LastSwiftUpdateCheck = 1000;
				LastUpgradeCheck = 1000;
				ORGANIZATIONNAME = RodrigoPacheco;
				TargetAttributes = {
					41E5877521CFBD5000178DFC = {
						CreatedOnToolsVersion = 10.0;
					};
				};
			};
			buildConfigurationList = 41E5877121CFBD5000178DFC /* Build configuration list for PBXProject "MarvelHeros" */;
			compatibilityVersion = "Xcode 9.3";
			developmentRegion = en;
			hasScannedForEncodings = 0;
			knownRegions = (
				en,
				Base,
			);
			mainGroup = 41E5876D21CFBD5000178DFC;
			productRefGroup = 41E5877721CFBD5000178DFC /* Products */;
			projectDirPath = "";
			projectRoot = "";
			targets = (
				41E5877521CFBD5000178DFC /* MarvelHeros */,
			);
		};
/* End PBXProject section */

/* Begin PBXResourcesBuildPhase section */
		41E5877421CFBD5000178DFC /* Resources */ = {
			isa = PBXResourcesBuildPhase;
			buildActionMask = 2147483647;
			files = (
				41E5878721CFBD5200178DFC /* LaunchScreen.storyboard in Resources */,
				41E5878421CFBD5200178DFC /* Assets.xcassets in Resources */,
				41E5877F21CFBD5000178DFC /* Main.storyboard in Resources */,
			);
			runOnlyForDeploymentPostprocessing = 0;
		};
/* End PBXResourcesBuildPhase section */

/* Begin PBXSourcesBuildPhase section */
		41E5877221CFBD5000178DFC /* Sources */ = {
			isa = PBXSourcesBuildPhase;
			buildActionMask = 2147483647;
			files = (
				41E5877C21CFBD5000178DFC /* ViewController.swift in Sources */,
				41E5877A21CFBD5000178DFC /* AppDelegate.swift in Sources */,
				41E5878221CFBD5000178DFC /* MarvelHeros.xcdatamodeld in Sources */,
			);
			runOnlyForDeploymentPostprocessing = 0;
		};
/* End PBXSourcesBuildPhase section */

/* Begin PBXVariantGroup section */
		41E5877D21CFBD5000178DFC /* Main.storyboard */ = {
			isa = PBXVariantGroup;
			children = (
				41E5877E21CFBD5000178DFC /* Base */,
			);
			name = Main.storyboard;
			sourceTree = "<group>";
		};
		41E5878521CFBD5200178DFC /* LaunchScreen.storyboard */ = {
			isa = PBXVariantGroup;
			children = (
				41E5878621CFBD5200178DFC /* Base */,
			);
			name = LaunchScreen.storyboard;
			sourceTree = "<group>";
		};
/* End PBXVariantGroup section */

/* Begin XCBuildConfiguration section */
		41E5878921CFBD5200178DFC /* Debug */ = {
			isa = XCBuildConfiguration;
			buildSettings = {
				ALWAYS_SEARCH_USER_PATHS = NO;
				CLANG_ANALYZER_NONNULL = YES;
				CLANG_ANALYZER_NUMBER_OBJECT_CONVERSION = YES_AGGRESSIVE;
				CLANG_CXX_LANGUAGE_STANDARD = "gnu++14";
				CLANG_CXX_LIBRARY = "libc++";
				CLANG_ENABLE_MODULES = YES;
				CLANG_ENABLE_OBJC_ARC = YES;
				CLANG_ENABLE_OBJC_WEAK = YES;
				CLANG_WARN_BLOCK_CAPTURE_AUTORELEASING = YES;
				CLANG_WARN_BOOL_CONVERSION = YES;
				CLANG_WARN_COMMA = YES;
				CLANG_WARN_CONSTANT_CONVERSION = YES;
				CLANG_WARN_DEPRECATED_OBJC_IMPLEMENTATIONS = YES;
				CLANG_WARN_DIRECT_OBJC_ISA_USAGE = YES_ERROR;
				CLANG_WARN_DOCUMENTATION_COMMENTS = YES;
				CLANG_WARN_EMPTY_BODY = YES;
				CLANG_WARN_ENUM_CONVERSION = YES;
				CLANG_WARN_INFINITE_RECURSION = YES;
				CLANG_WARN_INT_CONVERSION = YES;
				CLANG_WARN_NON_LITERAL_NULL_CONVERSION = YES;
				CLANG_WARN_OBJC_IMPLICIT_RETAIN_SELF = YES;
				CLANG_WARN_OBJC_LITERAL_CONVERSION = YES;
				CLANG_WARN_OBJC_ROOT_CLASS = YES_ERROR;
				CLANG_WARN_RANGE_LOOP_ANALYSIS = YES;
				CLANG_WARN_STRICT_PROTOTYPES = YES;
				CLANG_WARN_SUSPICIOUS_MOVE = YES;
				CLANG_WARN_UNGUARDED_AVAILABILITY = YES_AGGRESSIVE;
				CLANG_WARN_UNREACHABLE_CODE = YES;
				CLANG_WARN__DUPLICATE_METHOD_MATCH = YES;
				CODE_SIGN_IDENTITY = "iPhone Developer";
				COPY_PHASE_STRIP = NO;
				DEBUG_INFORMATION_FORMAT = dwarf;
				ENABLE_STRICT_OBJC_MSGSEND = YES;
				ENABLE_TESTABILITY = YES;
				GCC_C_LANGUAGE_STANDARD = gnu11;
				GCC_DYNAMIC_NO_PIC = NO;
				GCC_NO_COMMON_BLOCKS = YES;
				GCC_OPTIMIZATION_LEVEL = 0;
				GCC_PREPROCESSOR_DEFINITIONS = (
					"DEBUG=1",
					"$(inherited)",
				);
				GCC_WARN_64_TO_32_BIT_CONVERSION = YES;
				GCC_WARN_ABOUT_RETURN_TYPE = YES_ERROR;
				GCC_WARN_UNDECLARED_SELECTOR = YES;
				GCC_WARN_UNINITIALIZED_AUTOS = YES_AGGRESSIVE;
				GCC_WARN_UNUSED_FUNCTION = YES;
				GCC_WARN_UNUSED_VARIABLE = YES;
				IPHONEOS_DEPLOYMENT_TARGET = 12.0;
				MTL_ENABLE_DEBUG_INFO = INCLUDE_SOURCE;
				MTL_FAST_MATH = YES;
				ONLY_ACTIVE_ARCH = YES;
				SDKROOT = iphoneos;
				SWIFT_ACTIVE_COMPILATION_CONDITIONS = DEBUG;
				SWIFT_OPTIMIZATION_LEVEL = "-Onone";
			};
			name = Debug;
		};
		41E5878A21CFBD5200178DFC /* Release */ = {
			isa = XCBuildConfiguration;
			buildSettings = {
				ALWAYS_SEARCH_USER_PATHS = NO;
				CLANG_ANALYZER_NONNULL = YES;
				CLANG_ANALYZER_NUMBER_OBJECT_CONVERSION = YES_AGGRESSIVE;
				CLANG_CXX_LANGUAGE_STANDARD = "gnu++14";
				CLANG_CXX_LIBRARY = "libc++";
				CLANG_ENABLE_MODULES = YES;
				CLANG_ENABLE_OBJC_ARC = YES;
				CLANG_ENABLE_OBJC_WEAK = YES;
				CLANG_WARN_BLOCK_CAPTURE_AUTORELEASING = YES;
				CLANG_WARN_BOOL_CONVERSION = YES;
				CLANG_WARN_COMMA = YES;
				CLANG_WARN_CONSTANT_CONVERSION = YES;
				CLANG_WARN_DEPRECATED_OBJC_IMPLEMENTATIONS = YES;
				CLANG_WARN_DIRECT_OBJC_ISA_USAGE = YES_ERROR;
				CLANG_WARN_DOCUMENTATION_COMMENTS = YES;
				CLANG_WARN_EMPTY_BODY = YES;
				CLANG_WARN_ENUM_CONVERSION = YES;
				CLANG_WARN_INFINITE_RECURSION = YES;
				CLANG_WARN_INT_CONVERSION = YES;
				CLANG_WARN_NON_LITERAL_NULL_CONVERSION = YES;
				CLANG_WARN_OBJC_IMPLICIT_RETAIN_SELF = YES;
				CLANG_WARN_OBJC_LITERAL_CONVERSION = YES;
				CLANG_WARN_OBJC_ROOT_CLASS = YES_ERROR;
				CLANG_WARN_RANGE_LOOP_ANALYSIS = YES;
				CLANG_WARN_STRICT_PROTOTYPES = YES;
				CLANG_WARN_SUSPICIOUS_MOVE = YES;
				CLANG_WARN_UNGUARDED_AVAILABILITY = YES_AGGRESSIVE;
				CLANG_WARN_UNREACHABLE_CODE = YES;
				CLANG_WARN__DUPLICATE_METHOD_MATCH = YES;
				CODE_SIGN_IDENTITY = "iPhone Developer";
				COPY_PHASE_STRIP = NO;
				DEBUG_INFORMATION_FORMAT = "dwarf-with-dsym";
				ENABLE_NS_ASSERTIONS = NO;
				ENABLE_STRICT_OBJC_MSGSEND = YES;
				GCC_C_LANGUAGE_STANDARD = gnu11;
				GCC_NO_COMMON_BLOCKS = YES;
				GCC_WARN_64_TO_32_BIT_CONVERSION = YES;
				GCC_WARN_ABOUT_RETURN_TYPE = YES_ERROR;
				GCC_WARN_UNDECLARED_SELECTOR = YES;
				GCC_WARN_UNINITIALIZED_AUTOS = YES_AGGRESSIVE;
				GCC_WARN_UNUSED_FUNCTION = YES;
				GCC_WARN_UNUSED_VARIABLE = YES;
				IPHONEOS_DEPLOYMENT_TARGET = 12.0;
				MTL_ENABLE_DEBUG_INFO = NO;
				MTL_FAST_MATH = YES;
				SDKROOT = iphoneos;
				SWIFT_COMPILATION_MODE = wholemodule;
				SWIFT_OPTIMIZATION_LEVEL = "-O";
				VALIDATE_PRODUCT = YES;
			};
			name = Release;
		};
		41E5878C21CFBD5200178DFC /* Debug */ = {
			isa = XCBuildConfiguration;
			buildSettings = {
				ASSETCATALOG_COMPILER_APPICON_NAME = AppIcon;
				CODE_SIGN_STYLE = Automatic;
				DEVELOPMENT_TEAM = 3V4WKADE8S;
				INFOPLIST_FILE = MarvelHeros/Info.plist;
				LD_RUNPATH_SEARCH_PATHS = (
					"$(inherited)",
					"@executable_path/Frameworks",
				);
				PRODUCT_BUNDLE_IDENTIFIER = com.rodrigoPacheco.MarvelHeros;
				PRODUCT_NAME = "$(TARGET_NAME)";
				SWIFT_VERSION = 4.2;
				TARGETED_DEVICE_FAMILY = "1,2";
			};
			name = Debug;
		};
		41E5878D21CFBD5200178DFC /* Release */ = {
			isa = XCBuildConfiguration;
			buildSettings = {
				ASSETCATALOG_COMPILER_APPICON_NAME = AppIcon;
				CODE_SIGN_STYLE = Automatic;
				DEVELOPMENT_TEAM = 3V4WKADE8S;
				INFOPLIST_FILE = MarvelHeros/Info.plist;
				LD_RUNPATH_SEARCH_PATHS = (
					"$(inherited)",
					"@executable_path/Frameworks",
				);
				PRODUCT_BUNDLE_IDENTIFIER = com.rodrigoPacheco.MarvelHeros;
				PRODUCT_NAME = "$(TARGET_NAME)";
				SWIFT_VERSION = 4.2;
				TARGETED_DEVICE_FAMILY = "1,2";
			};
			name = Release;
		};
/* End XCBuildConfiguration section */

/* Begin XCConfigurationList section */
		41E5877121CFBD5000178DFC /* Build configuration list for PBXProject "MarvelHeros" */ = {
			isa = XCConfigurationList;
			buildConfigurations = (
				41E5878921CFBD5200178DFC /* Debug */,
				41E5878A21CFBD5200178DFC /* Release */,
			);
			defaultConfigurationIsVisible = 0;
			defaultConfigurationName = Release;
		};
		41E5878B21CFBD5200178DFC /* Build configuration list for PBXNativeTarget "MarvelHeros" */ = {
			isa = XCConfigurationList;
			buildConfigurations = (
				41E5878C21CFBD5200178DFC /* Debug */,
				41E5878D21CFBD5200178DFC /* Release */,
			);
			defaultConfigurationIsVisible = 0;
			defaultConfigurationName = Release;
		};
/* End XCConfigurationList section */

/* Begin XCVersionGroup section */
		41E5878021CFBD5000178DFC /* MarvelHeros.xcdatamodeld */ = {
			isa = XCVersionGroup;
			children = (
				41E5878121CFBD5000178DFC /* MarvelHeros.xcdatamodel */,
			);
			currentVersion = 41E5878121CFBD5000178DFC /* MarvelHeros.xcdatamodel */;
			path = MarvelHeros.xcdatamodeld;
			sourceTree = "<group>";
			versionGroupType = wrapper.xcdatamodel;
		};
/* End XCVersionGroup section */
	};
	rootObject = 41E5876E21CFBD5000178DFC /* Project object */;
}
